
Microsoft Visual Studio Solution File, Format Version 12.00
# Visual Studio Version 17
VisualStudioVersion = 17.5.002.0
MinimumVisualStudioVersion = 10.0.40219.1
Project("{9A19103F-16F7-4668-BE54-9A1E7A4F7556}") = "Task 1", "Task 1.csproj", "{7F0A48FA-DCA1-4675-84CB-C65231C9B169}"
EndProject
Global
	GlobalSection(SolutionConfigurationPlatforms) = preSolution
		Debug|Any CPU = Debug|Any CPU
		Release|Any CPU = Release|Any CPU
	EndGlobalSection
	GlobalSection(ProjectConfigurationPlatforms) = postSolution
		{7F0A48FA-DCA1-4675-84CB-C65231C9B169}.Debug|Any CPU.ActiveCfg = Debug|Any CPU
		{7F0A48FA-DCA1-4675-84CB-C65231C9B169}.Debug|Any CPU.Build.0 = Debug|Any CPU
		{7F0A48FA-DCA1-4675-84CB-C65231C9B169}.Release|Any CPU.ActiveCfg = Release|Any CPU
		{7F0A48FA-DCA1-4675-84CB-C65231C9B169}.Release|Any CPU.Build.0 = Release|Any CPU
	EndGlobalSection
	GlobalSection(SolutionProperties) = preSolution
		HideSolutionNode = FALSE
	EndGlobalSection
	GlobalSection(ExtensibilityGlobals) = postSolution
		SolutionGuid = {707C548E-9034-4536-8349-A4B30232A63D}
	EndGlobalSection
EndGlobal
