
Microsoft Visual Studio Solution File, Format Version 12.00
Project("{FAE04EC0-301F-11D3-BF4B-00C04F79EFBC}") = "FinalProject", "FinalProject\FinalProject.csproj", "{5670270B-ACD3-402F-AD23-151E5476D769}"
EndProject
Project("{FAE04EC0-301F-11D3-BF4B-00C04F79EFBC}") = "FinalProject.Common", "FinalProject.Common\FinalProject.Common.csproj", "{BA5A2760-CECE-4D0A-81F1-C0BF8F14A90F}"
EndProject
Project("{FAE04EC0-301F-11D3-BF4B-00C04F79EFBC}") = "Plugin.SeasonalBonus", "Plugin.SeasonalBonus\Plugin.SeasonalBonus.csproj", "{02BB3725-D0B0-4158-946F-153A0C7B21D9}"
EndProject
Project("{FAE04EC0-301F-11D3-BF4B-00C04F79EFBC}") = "Plugin.Common", "Plugin.Common\Plugin.Common.csproj", "{8478613E-EBE6-4B18-A491-DC79721AFB8A}"
EndProject
Project("{FAE04EC0-301F-11D3-BF4B-00C04F79EFBC}") = "Plugin.LoyalityPoints", "Plugin.LoyalityPoints\Plugin.LoyalityPoints.csproj", "{248131DA-35FF-49B8-BB93-F20CAEE3F726}"
EndProject
Global
	GlobalSection(SolutionConfigurationPlatforms) = preSolution
		Debug|Any CPU = Debug|Any CPU
		Release|Any CPU = Release|Any CPU
	EndGlobalSection
	GlobalSection(ProjectConfigurationPlatforms) = postSolution
		{5670270B-ACD3-402F-AD23-151E5476D769}.Debug|Any CPU.ActiveCfg = Debug|Any CPU
		{5670270B-ACD3-402F-AD23-151E5476D769}.Debug|Any CPU.Build.0 = Debug|Any CPU
		{5670270B-ACD3-402F-AD23-151E5476D769}.Release|Any CPU.ActiveCfg = Release|Any CPU
		{5670270B-ACD3-402F-AD23-151E5476D769}.Release|Any CPU.Build.0 = Release|Any CPU
		{BA5A2760-CECE-4D0A-81F1-C0BF8F14A90F}.Debug|Any CPU.ActiveCfg = Debug|Any CPU
		{BA5A2760-CECE-4D0A-81F1-C0BF8F14A90F}.Debug|Any CPU.Build.0 = Debug|Any CPU
		{BA5A2760-CECE-4D0A-81F1-C0BF8F14A90F}.Release|Any CPU.ActiveCfg = Release|Any CPU
		{BA5A2760-CECE-4D0A-81F1-C0BF8F14A90F}.Release|Any CPU.Build.0 = Release|Any CPU
		{02BB3725-D0B0-4158-946F-153A0C7B21D9}.Debug|Any CPU.ActiveCfg = Debug|Any CPU
		{02BB3725-D0B0-4158-946F-153A0C7B21D9}.Debug|Any CPU.Build.0 = Debug|Any CPU
		{02BB3725-D0B0-4158-946F-153A0C7B21D9}.Release|Any CPU.ActiveCfg = Release|Any CPU
		{02BB3725-D0B0-4158-946F-153A0C7B21D9}.Release|Any CPU.Build.0 = Release|Any CPU
		{8478613E-EBE6-4B18-A491-DC79721AFB8A}.Debug|Any CPU.ActiveCfg = Debug|Any CPU
		{8478613E-EBE6-4B18-A491-DC79721AFB8A}.Debug|Any CPU.Build.0 = Debug|Any CPU
		{8478613E-EBE6-4B18-A491-DC79721AFB8A}.Release|Any CPU.ActiveCfg = Release|Any CPU
		{8478613E-EBE6-4B18-A491-DC79721AFB8A}.Release|Any CPU.Build.0 = Release|Any CPU
		{248131DA-35FF-49B8-BB93-F20CAEE3F726}.Debug|Any CPU.ActiveCfg = Debug|Any CPU
		{248131DA-35FF-49B8-BB93-F20CAEE3F726}.Debug|Any CPU.Build.0 = Debug|Any CPU
		{248131DA-35FF-49B8-BB93-F20CAEE3F726}.Release|Any CPU.ActiveCfg = Release|Any CPU
		{248131DA-35FF-49B8-BB93-F20CAEE3F726}.Release|Any CPU.Build.0 = Release|Any CPU
	EndGlobalSection
EndGlobal
