
Microsoft Visual Studio Solution File, Format Version 12.00
Project("{FAE04EC0-301F-11D3-BF4B-00C04F79EFBC}") = "ThirdBootcamp.LiveCoding", "ThirdBootcamp.LiveCoding\ThirdBootcamp.LiveCoding.csproj", "{72FDDF35-D5C1-4D96-97D2-467FB0CBCD22}"
EndProject
Global
	GlobalSection(SolutionConfigurationPlatforms) = preSolution
		Debug|Any CPU = Debug|Any CPU
		Release|Any CPU = Release|Any CPU
	EndGlobalSection
	GlobalSection(ProjectConfigurationPlatforms) = postSolution
		{72FDDF35-D5C1-4D96-97D2-467FB0CBCD22}.Debug|Any CPU.ActiveCfg = Debug|Any CPU
		{72FDDF35-D5C1-4D96-97D2-467FB0CBCD22}.Debug|Any CPU.Build.0 = Debug|Any CPU
		{72FDDF35-D5C1-4D96-97D2-467FB0CBCD22}.Release|Any CPU.ActiveCfg = Release|Any CPU
		{72FDDF35-D5C1-4D96-97D2-467FB0CBCD22}.Release|Any CPU.Build.0 = Release|Any CPU
	EndGlobalSection
EndGlobal
